
Microsoft Visual Studio Solution File, Format Version 12.00
Project("{FAE04EC0-301F-11D3-BF4B-00C04F79EFBC}") = "WebApi", "WebApi\WebApi.csproj", "{BF9F9F5E-00F9-4685-AF46-F5865F7B4469}"
EndProject
Project("{2150E333-8FDC-42A3-9474-1A3956D46DE8}") = "API", "API", "{86009280-B6D1-4F0B-8D87-8DAA6E8B3D12}"
EndProject
Project("{FAE04EC0-301F-11D3-BF4B-00C04F79EFBC}") = "Domain", "Domain\Domain.csproj", "{F4FA81B0-103C-4820-8B52-CB8E45818949}"
EndProject
Project("{2150E333-8FDC-42A3-9474-1A3956D46DE8}") = "Core", "Core", "{0F77B9C9-1C82-458C-8BCD-967B37921191}"
EndProject
Project("{FAE04EC0-301F-11D3-BF4B-00C04F79EFBC}") = "Infraestructure", "Infraestructure\Infraestructure.csproj", "{68441799-4C18-4CAB-935C-B3ABC33669AE}"
EndProject
Project("{2150E333-8FDC-42A3-9474-1A3956D46DE8}") = "Persistance", "Persistance", "{31ED945D-5E28-4EE6-801C-945C7FBB1F1E}"
EndProject
Project("{2150E333-8FDC-42A3-9474-1A3956D46DE8}") = "IOC", "IOC", "{6D527C62-20CD-4E23-BAF3-3152AC931935}"
EndProject
Project("{FAE04EC0-301F-11D3-BF4B-00C04F79EFBC}") = "IOC", "IOC\IOC.csproj", "{C8904B39-5261-4206-AB83-E21C04333C58}"
EndProject
Project("{FAE04EC0-301F-11D3-BF4B-00C04F79EFBC}") = "Application", "Application\Application.csproj", "{35A8F3D2-25ED-42FF-9C62-76202AAE5957}"
EndProject
Project("{FAE04EC0-301F-11D3-BF4B-00C04F79EFBC}") = "Identity", "Identity\Identity.csproj", "{FD01DD38-EFA0-4BEC-8DC8-91361DEFF841}"
EndProject
Global
	GlobalSection(SolutionConfigurationPlatforms) = preSolution
		Debug|Any CPU = Debug|Any CPU
		Release|Any CPU = Release|Any CPU
	EndGlobalSection
	GlobalSection(ProjectConfigurationPlatforms) = postSolution
		{BF9F9F5E-00F9-4685-AF46-F5865F7B4469}.Debug|Any CPU.ActiveCfg = Debug|Any CPU
		{BF9F9F5E-00F9-4685-AF46-F5865F7B4469}.Debug|Any CPU.Build.0 = Debug|Any CPU
		{BF9F9F5E-00F9-4685-AF46-F5865F7B4469}.Release|Any CPU.ActiveCfg = Release|Any CPU
		{BF9F9F5E-00F9-4685-AF46-F5865F7B4469}.Release|Any CPU.Build.0 = Release|Any CPU
		{F4FA81B0-103C-4820-8B52-CB8E45818949}.Debug|Any CPU.ActiveCfg = Debug|Any CPU
		{F4FA81B0-103C-4820-8B52-CB8E45818949}.Debug|Any CPU.Build.0 = Debug|Any CPU
		{F4FA81B0-103C-4820-8B52-CB8E45818949}.Release|Any CPU.ActiveCfg = Release|Any CPU
		{F4FA81B0-103C-4820-8B52-CB8E45818949}.Release|Any CPU.Build.0 = Release|Any CPU
		{68441799-4C18-4CAB-935C-B3ABC33669AE}.Debug|Any CPU.ActiveCfg = Debug|Any CPU
		{68441799-4C18-4CAB-935C-B3ABC33669AE}.Debug|Any CPU.Build.0 = Debug|Any CPU
		{68441799-4C18-4CAB-935C-B3ABC33669AE}.Release|Any CPU.ActiveCfg = Release|Any CPU
		{68441799-4C18-4CAB-935C-B3ABC33669AE}.Release|Any CPU.Build.0 = Release|Any CPU
		{C8904B39-5261-4206-AB83-E21C04333C58}.Debug|Any CPU.ActiveCfg = Debug|Any CPU
		{C8904B39-5261-4206-AB83-E21C04333C58}.Debug|Any CPU.Build.0 = Debug|Any CPU
		{C8904B39-5261-4206-AB83-E21C04333C58}.Release|Any CPU.ActiveCfg = Release|Any CPU
		{C8904B39-5261-4206-AB83-E21C04333C58}.Release|Any CPU.Build.0 = Release|Any CPU
		{35A8F3D2-25ED-42FF-9C62-76202AAE5957}.Debug|Any CPU.ActiveCfg = Debug|Any CPU
		{35A8F3D2-25ED-42FF-9C62-76202AAE5957}.Debug|Any CPU.Build.0 = Debug|Any CPU
		{35A8F3D2-25ED-42FF-9C62-76202AAE5957}.Release|Any CPU.ActiveCfg = Release|Any CPU
		{35A8F3D2-25ED-42FF-9C62-76202AAE5957}.Release|Any CPU.Build.0 = Release|Any CPU
		{FD01DD38-EFA0-4BEC-8DC8-91361DEFF841}.Debug|Any CPU.ActiveCfg = Debug|Any CPU
		{FD01DD38-EFA0-4BEC-8DC8-91361DEFF841}.Debug|Any CPU.Build.0 = Debug|Any CPU
		{FD01DD38-EFA0-4BEC-8DC8-91361DEFF841}.Release|Any CPU.ActiveCfg = Release|Any CPU
		{FD01DD38-EFA0-4BEC-8DC8-91361DEFF841}.Release|Any CPU.Build.0 = Release|Any CPU
	EndGlobalSection
	GlobalSection(NestedProjects) = preSolution
		{BF9F9F5E-00F9-4685-AF46-F5865F7B4469} = {86009280-B6D1-4F0B-8D87-8DAA6E8B3D12}
		{F4FA81B0-103C-4820-8B52-CB8E45818949} = {0F77B9C9-1C82-458C-8BCD-967B37921191}
		{68441799-4C18-4CAB-935C-B3ABC33669AE} = {31ED945D-5E28-4EE6-801C-945C7FBB1F1E}
		{C8904B39-5261-4206-AB83-E21C04333C58} = {6D527C62-20CD-4E23-BAF3-3152AC931935}
		{35A8F3D2-25ED-42FF-9C62-76202AAE5957} = {0F77B9C9-1C82-458C-8BCD-967B37921191}
		{FD01DD38-EFA0-4BEC-8DC8-91361DEFF841} = {31ED945D-5E28-4EE6-801C-945C7FBB1F1E}
	EndGlobalSection
EndGlobal
